
Microsoft Visual Studio Solution File, Format Version 12.00
# Visual Studio 15
VisualStudioVersion = 15.0.26403.7
MinimumVisualStudioVersion = 10.0.40219.1
Project("{FAE04EC0-301F-11D3-BF4B-00C04F79EFBC}") = "CodeFirstNewDatabaseSample", "CodeFirstNewDatabaseSample\CodeFirstNewDatabaseSample.csproj", "{00B401B1-02F8-4B62-BD55-675BD9CC5CFB}"
EndProject
Project("{FAE04EC0-301F-11D3-BF4B-00C04F79EFBC}") = "Model", "Model\Model.csproj", "{C6F6E1C4-792D-4813-8766-19BCB89105B3}"
EndProject
Project("{FAE04EC0-301F-11D3-BF4B-00C04F79EFBC}") = "Repository", "Repository\Repository.csproj", "{9ECB84B2-99A3-4EAA-AB19-1BA9985FD373}"
EndProject
Global
	GlobalSection(SolutionConfigurationPlatforms) = preSolution
		Debug|Any CPU = Debug|Any CPU
		Release|Any CPU = Release|Any CPU
	EndGlobalSection
	GlobalSection(ProjectConfigurationPlatforms) = postSolution
		{00B401B1-02F8-4B62-BD55-675BD9CC5CFB}.Debug|Any CPU.ActiveCfg = Debug|Any CPU
		{00B401B1-02F8-4B62-BD55-675BD9CC5CFB}.Debug|Any CPU.Build.0 = Debug|Any CPU
		{00B401B1-02F8-4B62-BD55-675BD9CC5CFB}.Release|Any CPU.ActiveCfg = Release|Any CPU
		{00B401B1-02F8-4B62-BD55-675BD9CC5CFB}.Release|Any CPU.Build.0 = Release|Any CPU
		{C6F6E1C4-792D-4813-8766-19BCB89105B3}.Debug|Any CPU.ActiveCfg = Debug|Any CPU
		{C6F6E1C4-792D-4813-8766-19BCB89105B3}.Debug|Any CPU.Build.0 = Debug|Any CPU
		{C6F6E1C4-792D-4813-8766-19BCB89105B3}.Release|Any CPU.ActiveCfg = Release|Any CPU
		{C6F6E1C4-792D-4813-8766-19BCB89105B3}.Release|Any CPU.Build.0 = Release|Any CPU
		{9ECB84B2-99A3-4EAA-AB19-1BA9985FD373}.Debug|Any CPU.ActiveCfg = Debug|Any CPU
		{9ECB84B2-99A3-4EAA-AB19-1BA9985FD373}.Debug|Any CPU.Build.0 = Debug|Any CPU
		{9ECB84B2-99A3-4EAA-AB19-1BA9985FD373}.Release|Any CPU.ActiveCfg = Release|Any CPU
		{9ECB84B2-99A3-4EAA-AB19-1BA9985FD373}.Release|Any CPU.Build.0 = Release|Any CPU
	EndGlobalSection
	GlobalSection(SolutionProperties) = preSolution
		HideSolutionNode = FALSE
	EndGlobalSection
EndGlobal
